<?xml version="1.0" encoding="utf-8"?>
<Project ToolsVersion="4.0" xmlns="http://schemas.microsoft.com/developer/msbuild/2003">
  <ItemGroup>
    <Filter Include="Source Files">
      <UniqueIdentifier>{4FC737F1-C7A5-4376-A066-2A32D752A2FF}</UniqueIdentifier>
      <Extensions>cpp;c;cc;cxx;def;odl;idl;hpj;bat;asm;asmx</Extensions>
    </Filter>
    <Filter Include="Header Files">
      <UniqueIdentifier>{93995380-89BD-4b04-88EB-625FBE52EBFB}</UniqueIdentifier>
      <Extensions>h;hh;hpp;hxx;hm;inl;inc;xsd</Extensions>
    </Filter>
    <Filter Include="Resource Files">
      <UniqueIdentifier>{67DA6AB6-F800-4c08-8B7A-83BB121AAD01}</UniqueIdentifier>
      <Extensions>rc;ico;cur;bmp;dlg;rc2;rct;bin;rgs;gif;jpg;jpeg;jpe;resx;tiff;tif;png;wav;mfcribbon-ms</Extensions>
    </Filter>
    <Filter Include="Header Files\pugixml">
      <UniqueIdentifier>{e2acee46-c0f4-4f84-8daf-8cc21e71317c}</UniqueIdentifier>
      <Extensions>hpp</Extensions>
    </Filter>
    <Filter Include="Header Files\packets">
      <UniqueIdentifier>{c0a2ce56-c730-44d6-976d-cb9050d0247c}</UniqueIdentifier>
      <Extensions>h</Extensions>
    </Filter>
    <Filter Include="Header Files\packets\data">
      <UniqueIdentifier>{547310a3-88e8-49bb-91e1-be0e9b34af77}</UniqueIdentifier>
      <Extensions>h</Extensions>
    </Filter>
    <Filter Include="Header Files\packets\incoming">
      <UniqueIdentifier>{00b665ca-3bfa-4c7e-b816-c5ad9ccd2d79}</UniqueIdentifier>
    </Filter>
    <Filter Include="Header Files\packets\outgoing">
      <UniqueIdentifier>{69dff48d-7b6b-4f05-9998-edcd09bc6574}</UniqueIdentifier>
      <Extensions>h</Extensions>
    </Filter>
    <Filter Include="Source Files\pugixml">
      <UniqueIdentifier>{433184f3-d858-4fe1-b8fe-e956dada82ba}</UniqueIdentifier>
      <Extensions>cpp</Extensions>
    </Filter>
    <Filter Include="Source Files\packets">
      <UniqueIdentifier>{1236e176-20a8-42e2-8a59-83a02a602b34}</UniqueIdentifier>
      <Extensions>cpp</Extensions>
    </Filter>
    <Filter Include="Source Files\packets\data">
      <UniqueIdentifier>{6a77bd08-a1f5-46c7-bb5b-b91542e895fa}</UniqueIdentifier>
      <Extensions>cpp</Extensions>
    </Filter>
    <Filter Include="Source Files\packets\incoming">
      <UniqueIdentifier>{e4b2211e-9f3a-4563-80d6-0f2e4aa9d91b}</UniqueIdentifier>
      <Extensions>cpp</Extensions>
    </Filter>
    <Filter Include="Source Files\packets\outgoing">
      <UniqueIdentifier>{be22fc33-ab9b-4824-98bf-ed89c8bca9ee}</UniqueIdentifier>
      <Extensions>cpp</Extensions>
    </Filter>
    <Filter Include="Header Files\objects">
      <UniqueIdentifier>{f9a0da0e-e721-4d25-9ccb-9f942b1ab607}</UniqueIdentifier>
    </Filter>
    <Filter Include="Source Files\objects">
      <UniqueIdentifier>{1b743f86-2e71-44dc-ad7d-20d1ac759763}</UniqueIdentifier>
    </Filter>
    <Filter Include="Header Files\utilities">
      <UniqueIdentifier>{ba34fe39-3a7f-4a6e-b567-96c4ab22b177}</UniqueIdentifier>
    </Filter>
    <Filter Include="Source Files\utilities">
      <UniqueIdentifier>{6a017f0f-150c-4088-861e-f36f3efd262a}</UniqueIdentifier>
    </Filter>
  </ItemGroup>
  <ItemGroup>
    <Xml Include="resources\settings.xml">
      <Filter>Resource Files</Filter>
    </Xml>
    <Xml Include="resources\objects.xml">
      <Filter>Resource Files</Filter>
    </Xml>
  </ItemGroup>
  <ItemGroup>
    <Text Include="LICENSE.txt" />
  </ItemGroup>
  <ItemGroup>
    <None Include="resources\settings.xml-sample">
      <Filter>Resource Files</Filter>
    </None>
  </ItemGroup>
  <ItemGroup>
    <ClInclude Include="src\Client.h">
      <Filter>Header Files</Filter>
    </ClInclude>
    <ClInclude Include="src\clientless.h">
      <Filter>Header Files</Filter>
    </ClInclude>
    <ClInclude Include="src\packets\Packet.h">
      <Filter>Header Files\packets</Filter>
    </ClInclude>
    <ClInclude Include="src\packets\PacketType.h">
      <Filter>Header Files\packets</Filter>
    </ClInclude>
    <ClInclude Include="src\packets\data\GroundTile.h">
      <Filter>Header Files\packets\data</Filter>
    </ClInclude>
    <ClInclude Include="src\packets\data\MoveRecord.h">
      <Filter>Header Files\packets\data</Filter>
    </ClInclude>
    <ClInclude Include="src\packets\data\ObjectData.h">
      <Filter>Header Files\packets\data</Filter>
    </ClInclude>
    <ClInclude Include="src\packets\data\ObjectStatusData.h">
      <Filter>Header Files\packets\data</Filter>
    </ClInclude>
    <ClInclude Include="src\packets\data\SlotObjectData.h">
      <Filter>Header Files\packets\data</Filter>
    </ClInclude>
    <ClInclude Include="src\packets\data\StatData.h">
      <Filter>Header Files\packets\data</Filter>
    </ClInclude>
    <ClInclude Include="src\packets\data\TradeItem.h">
      <Filter>Header Files\packets\data</Filter>
    </ClInclude>
    <ClInclude Include="src\packets\data\WorldPosData.h">
      <Filter>Header Files\packets\data</Filter>
    </ClInclude>
    <ClInclude Include="src\packets\incoming\AccountList.h">
      <Filter>Header Files\packets\incoming</Filter>
    </ClInclude>
    <ClInclude Include="src\packets\incoming\AllyShoot.h">
      <Filter>Header Files\packets\incoming</Filter>
    </ClInclude>
    <ClInclude Include="src\packets\incoming\Aoe.h">
      <Filter>Header Files\packets\incoming</Filter>
    </ClInclude>
    <ClInclude Include="src\packets\incoming\BuyResult.h">
      <Filter>Header Files\packets\incoming</Filter>
    </ClInclude>
    <ClInclude Include="src\packets\incoming\ClientStat.h">
      <Filter>Header Files\packets\incoming</Filter>
    </ClInclude>
    <ClInclude Include="src\packets\incoming\CreateSuccess.h">
      <Filter>Header Files\packets\incoming</Filter>
    </ClInclude>
    <ClInclude Include="src\packets\incoming\Damage.h">
      <Filter>Header Files\packets\incoming</Filter>
    </ClInclude>
    <ClInclude Include="src\packets\incoming\Death.h">
      <Filter>Header Files\packets\incoming</Filter>
    </ClInclude>
    <ClInclude Include="src\packets\incoming\EnemyShoot.h">
      <Filter>Header Files\packets\incoming</Filter>
    </ClInclude>
    <ClInclude Include="src\packets\incoming\EvolvedPetMessage.h">
      <Filter>Header Files\packets\incoming</Filter>
    </ClInclude>
    <ClInclude Include="src\packets\incoming\Failure.h">
      <Filter>Header Files\packets\incoming</Filter>
    </ClInclude>
    <ClInclude Include="src\packets\incoming\FilePacket.h">
      <Filter>Header Files\packets\incoming</Filter>
    </ClInclude>
    <ClInclude Include="src\packets\incoming\GlobalNotification.h">
      <Filter>Header Files\packets\incoming</Filter>
    </ClInclude>
    <ClInclude Include="src\packets\incoming\Goto.h">
      <Filter>Header Files\packets\incoming</Filter>
    </ClInclude>
    <ClInclude Include="src\packets\incoming\GuildResult.h">
      <Filter>Header Files\packets\incoming</Filter>
    </ClInclude>
    <ClInclude Include="src\packets\incoming\InvitedToGuild.h">
      <Filter>Header Files\packets\incoming</Filter>
    </ClInclude>
    <ClInclude Include="src\packets\incoming\InvResult.h">
      <Filter>Header Files\packets\incoming</Filter>
    </ClInclude>
    <ClInclude Include="src\packets\incoming\KeyInfoResponse.h">
      <Filter>Header Files\packets\incoming</Filter>
    </ClInclude>
    <ClInclude Include="src\packets\incoming\MapInfo.h">
      <Filter>Header Files\packets\incoming</Filter>
    </ClInclude>
    <ClInclude Include="src\packets\incoming\NameResult.h">
      <Filter>Header Files\packets\incoming</Filter>
    </ClInclude>
    <ClInclude Include="src\packets\incoming\NewAbilityMessage.h">
      <Filter>Header Files\packets\incoming</Filter>
    </ClInclude>
    <ClInclude Include="src\packets\incoming\NewTick.h">
      <Filter>Header Files\packets\incoming</Filter>
    </ClInclude>
    <ClInclude Include="src\packets\incoming\Notification.h">
      <Filter>Header Files\packets\incoming</Filter>
    </ClInclude>
    <ClInclude Include="src\packets\incoming\PasswordPrompt.h">
      <Filter>Header Files\packets\incoming</Filter>
    </ClInclude>
    <ClInclude Include="src\packets\incoming\Ping.h">
      <Filter>Header Files\packets\incoming</Filter>
    </ClInclude>
    <ClInclude Include="src\packets\incoming\PlaySoundPacket.h">
      <Filter>Header Files\packets\incoming</Filter>
    </ClInclude>
    <ClInclude Include="src\packets\incoming\QuestFetchResponse.h">
      <Filter>Header Files\packets\incoming</Filter>
    </ClInclude>
    <ClInclude Include="src\packets\incoming\QuestObjId.h">
      <Filter>Header Files\packets\incoming</Filter>
    </ClInclude>
    <ClInclude Include="src\packets\incoming\QuestRedeemResponse.h">
      <Filter>Header Files\packets\incoming</Filter>
    </ClInclude>
    <ClInclude Include="src\packets\incoming\Reconnect.h">
      <Filter>Header Files\packets\incoming</Filter>
    </ClInclude>
    <ClInclude Include="src\packets\incoming\ReskinUnlock.h">
      <Filter>Header Files\packets\incoming</Filter>
    </ClInclude>
    <ClInclude Include="src\packets\incoming\ServerPlayerShoot.h">
      <Filter>Header Files\packets\incoming</Filter>
    </ClInclude>
    <ClInclude Include="src\packets\incoming\ShowEffect.h">
      <Filter>Header Files\packets\incoming</Filter>
    </ClInclude>
    <ClInclude Include="src\packets\incoming\Text.h">
      <Filter>Header Files\packets\incoming</Filter>
    </ClInclude>
    <ClInclude Include="src\packets\incoming\TradeAccepted.h">
      <Filter>Header Files\packets\incoming</Filter>
    </ClInclude>
    <ClInclude Include="src\packets\incoming\TradeChanged.h">
      <Filter>Header Files\packets\incoming</Filter>
    </ClInclude>
    <ClInclude Include="src\packets\incoming\TradeRequested.h">
      <Filter>Header Files\packets\incoming</Filter>
    </ClInclude>
    <ClInclude Include="src\packets\incoming\TradeStart.h">
      <Filter>Header Files\packets\incoming</Filter>
    </ClInclude>
    <ClInclude Include="src\packets\incoming\Update.h">
      <Filter>Header Files\packets\incoming</Filter>
    </ClInclude>
    <ClInclude Include="src\packets\incoming\VerifyEmail.h">
      <Filter>Header Files\packets\incoming</Filter>
    </ClInclude>
    <ClInclude Include="src\packets\outgoing\AoeAck.h">
      <Filter>Header Files\packets\outgoing</Filter>
    </ClInclude>
    <ClInclude Include="src\packets\outgoing\Create.h">
      <Filter>Header Files\packets\outgoing</Filter>
    </ClInclude>
    <ClInclude Include="src\packets\outgoing\Escape.h">
      <Filter>Header Files\packets\outgoing</Filter>
    </ClInclude>
    <ClInclude Include="src\packets\outgoing\GotoAck.h">
      <Filter>Header Files\packets\outgoing</Filter>
    </ClInclude>
    <ClInclude Include="src\packets\outgoing\InvSwap.h">
      <Filter>Header Files\packets\outgoing</Filter>
    </ClInclude>
    <ClInclude Include="src\packets\outgoing\Load.h">
      <Filter>Header Files\packets\outgoing</Filter>
    </ClInclude>
    <ClInclude Include="src\packets\outgoing\Move.h">
      <Filter>Header Files\packets\outgoing</Filter>
    </ClInclude>
    <ClInclude Include="src\packets\outgoing\PlayerShoot.h">
      <Filter>Header Files\packets\outgoing</Filter>
    </ClInclude>
    <ClInclude Include="src\packets\outgoing\PlayerText.h">
      <Filter>Header Files\packets\outgoing</Filter>
    </ClInclude>
    <ClInclude Include="src\packets\outgoing\Pong.h">
      <Filter>Header Files\packets\outgoing</Filter>
    </ClInclude>
    <ClInclude Include="src\packets\outgoing\ShootAck.h">
      <Filter>Header Files\packets\outgoing</Filter>
    </ClInclude>
    <ClInclude Include="src\packets\outgoing\Teleport.h">
      <Filter>Header Files\packets\outgoing</Filter>
    </ClInclude>
    <ClInclude Include="src\packets\outgoing\UpdateAck.h">
      <Filter>Header Files\packets\outgoing</Filter>
    </ClInclude>
    <ClInclude Include="src\packets\outgoing\UsePortal.h">
      <Filter>Header Files\packets\outgoing</Filter>
    </ClInclude>
    <ClInclude Include="src\pugixml\pugiconfig.hpp">
      <Filter>Header Files\pugixml</Filter>
    </ClInclude>
    <ClInclude Include="src\pugixml\pugixml.hpp">
      <Filter>Header Files\pugixml</Filter>
    </ClInclude>
    <ClInclude Include="src\packets\outgoing\Hello.h">
      <Filter>Header Files\packets\outgoing</Filter>
    </ClInclude>
    <ClInclude Include="src\packets\incoming\ArenaDeath.h">
      <Filter>Header Files\packets\incoming</Filter>
    </ClInclude>
    <ClInclude Include="src\packets\incoming\ImminentArenaWave.h">
      <Filter>Header Files\packets\incoming</Filter>
    </ClInclude>
    <ClInclude Include="src\packets\incoming\DeletePetMessage.h">
      <Filter>Header Files\packets\incoming</Filter>
    </ClInclude>
    <ClInclude Include="src\packets\incoming\HatchPetMessage.h">
      <Filter>Header Files\packets\incoming</Filter>
    </ClInclude>
    <ClInclude Include="src\packets\incoming\ActivePetUpdate.h">
      <Filter>Header Files\packets\incoming</Filter>
    </ClInclude>
    <ClInclude Include="src\packets\incoming\PetYardUpdate.h">
      <Filter>Header Files\packets\incoming</Filter>
    </ClInclude>
    <ClInclude Include="src\packets\incoming\TradeDone.h">
      <Filter>Header Files\packets\incoming</Filter>
    </ClInclude>
    <ClInclude Include="src\packets\incoming\PicPacket.h">
      <Filter>Header Files\packets\incoming</Filter>
    </ClInclude>
    <ClInclude Include="src\packets\outgoing\CancelTrade.h">
      <Filter>Header Files\packets\outgoing</Filter>
    </ClInclude>
    <ClInclude Include="src\packets\outgoing\ChangeGuildRank.h">
      <Filter>Header Files\packets\outgoing</Filter>
    </ClInclude>
    <ClInclude Include="src\packets\outgoing\CheckCredits.h">
      <Filter>Header Files\packets\outgoing</Filter>
    </ClInclude>
    <ClInclude Include="src\packets\outgoing\ChooseName.h">
      <Filter>Header Files\packets\outgoing</Filter>
    </ClInclude>
    <ClInclude Include="src\packets\outgoing\CreateGuild.h">
      <Filter>Header Files\packets\outgoing</Filter>
    </ClInclude>
    <ClInclude Include="src\packets\outgoing\EnterArena.h">
      <Filter>Header Files\packets\outgoing</Filter>
    </ClInclude>
    <ClInclude Include="src\packets\outgoing\GroundDamage.h">
      <Filter>Header Files\packets\outgoing</Filter>
    </ClInclude>
    <ClInclude Include="src\packets\outgoing\GuildInvite.h">
      <Filter>Header Files\packets\outgoing</Filter>
    </ClInclude>
    <ClInclude Include="src\packets\outgoing\KeyInfoRequest.h">
      <Filter>Header Files\packets\outgoing</Filter>
    </ClInclude>
    <ClInclude Include="src\packets\outgoing\JoinGuild.h">
      <Filter>Header Files\packets\outgoing</Filter>
    </ClInclude>
    <ClInclude Include="src\packets\outgoing\GuildRemove.h">
      <Filter>Header Files\packets\outgoing</Filter>
    </ClInclude>
    <ClInclude Include="src\packets\outgoing\RequestTrade.h">
      <Filter>Header Files\packets\outgoing</Filter>
    </ClInclude>
    <ClInclude Include="src\packets\outgoing\AcceptArenaDeath.h">
      <Filter>Header Files\packets\outgoing</Filter>
    </ClInclude>
    <ClInclude Include="src\packets\outgoing\QuestRedeem.h">
      <Filter>Header Files\packets\outgoing</Filter>
    </ClInclude>
    <ClInclude Include="src\packets\outgoing\AcceptTrade.h">
      <Filter>Header Files\packets\outgoing</Filter>
    </ClInclude>
    <ClInclude Include="src\packets\outgoing\ActivePetUpdateRequest.h">
      <Filter>Header Files\packets\outgoing</Filter>
    </ClInclude>
    <ClInclude Include="src\packets\outgoing\Buy.h">
      <Filter>Header Files\packets\outgoing</Filter>
    </ClInclude>
    <ClInclude Include="src\packets\outgoing\ChangeTrade.h">
      <Filter>Header Files\packets\outgoing</Filter>
    </ClInclude>
    <ClInclude Include="src\packets\outgoing\EditAccountList.h">
      <Filter>Header Files\packets\outgoing</Filter>
    </ClInclude>
    <ClInclude Include="src\packets\outgoing\EnemyHit.h">
      <Filter>Header Files\packets\outgoing</Filter>
    </ClInclude>
    <ClInclude Include="src\packets\outgoing\InvDrop.h">
      <Filter>Header Files\packets\outgoing</Filter>
    </ClInclude>
    <ClInclude Include="src\packets\outgoing\OtherHit.h">
      <Filter>Header Files\packets\outgoing</Filter>
    </ClInclude>
    <ClInclude Include="src\packets\outgoing\PlayerHit.h">
      <Filter>Header Files\packets\outgoing</Filter>
    </ClInclude>
    <ClInclude Include="src\packets\outgoing\Reskin.h">
      <Filter>Header Files\packets\outgoing</Filter>
    </ClInclude>
    <ClInclude Include="src\packets\outgoing\SetCondition.h">
      <Filter>Header Files\packets\outgoing</Filter>
    </ClInclude>
    <ClInclude Include="src\packets\outgoing\SquareHit.h">
      <Filter>Header Files\packets\outgoing</Filter>
    </ClInclude>
    <ClInclude Include="src\packets\outgoing\UseItem.h">
      <Filter>Header Files\packets\outgoing</Filter>
    </ClInclude>
    <ClInclude Include="src\packets\outgoing\PetUpgradeRequest.h">
      <Filter>Header Files\packets\outgoing</Filter>
    </ClInclude>
    <ClInclude Include="src\packets\outgoing\ReskinPet.h">
      <Filter>Header Files\packets\outgoing</Filter>
    </ClInclude>
    <ClInclude Include="src\packets\outgoing\QuestFetchAsk.h">
      <Filter>Header Files\packets\outgoing</Filter>
    </ClInclude>
    <ClInclude Include="src\objects\Object.h">
      <Filter>Header Files\objects</Filter>
    </ClInclude>
    <ClInclude Include="src\objects\ObjectLibrary.h">
      <Filter>Header Files\objects</Filter>
    </ClInclude>
    <ClInclude Include="src\packets\outgoing\GoToQuestRoom.h">
      <Filter>Header Files\packets\outgoing</Filter>
    </ClInclude>
    <ClInclude Include="src\packets\outgoing\ClaimDailyRewardMessage.h">
      <Filter>Header Files\packets\outgoing</Filter>
    </ClInclude>
    <ClInclude Include="src\packets\incoming\ClaimDailyRewardResponse.h">
      <Filter>Header Files\packets\incoming</Filter>
    </ClInclude>
    <ClInclude Include="src\utilities\ConnectionHelper.h">
      <Filter>Header Files\utilities</Filter>
    </ClInclude>
    <ClInclude Include="src\utilities\DebugHelper.h">
      <Filter>Header Files\utilities</Filter>
    </ClInclude>
    <ClInclude Include="src\utilities\EnumToString.h">
      <Filter>Header Files\utilities</Filter>
    </ClInclude>
    <ClInclude Include="src\utilities\CryptoHelper.h">
      <Filter>Header Files\utilities</Filter>
    </ClInclude>
    <ClInclude Include="src\packets\PacketIO.h">
      <Filter>Header Files\packets</Filter>
    </ClInclude>
  </ItemGroup>
  <ItemGroup>
    <ClCompile Include="src\Client.cpp">
      <Filter>Source Files</Filter>
    </ClCompile>
    <ClCompile Include="src\clientless.cpp">
      <Filter>Source Files</Filter>
    </ClCompile>
    <ClCompile Include="src\pugixml\pugixml.cpp">
      <Filter>Source Files\pugixml</Filter>
    </ClCompile>
    <ClCompile Include="src\packets\Packet.cpp">
      <Filter>Source Files\packets</Filter>
    </ClCompile>
    <ClCompile Include="src\packets\data\GroundTile.cpp">
      <Filter>Source Files\packets\data</Filter>
    </ClCompile>
    <ClCompile Include="src\packets\data\MoveRecord.cpp">
      <Filter>Source Files\packets\data</Filter>
    </ClCompile>
    <ClCompile Include="src\packets\data\ObjectData.cpp">
      <Filter>Source Files\packets\data</Filter>
    </ClCompile>
    <ClCompile Include="src\packets\data\ObjectStatusData.cpp">
      <Filter>Source Files\packets\data</Filter>
    </ClCompile>
    <ClCompile Include="src\packets\data\SlotObjectdata.cpp">
      <Filter>Source Files\packets\data</Filter>
    </ClCompile>
    <ClCompile Include="src\packets\data\StatData.cpp">
      <Filter>Source Files\packets\data</Filter>
    </ClCompile>
    <ClCompile Include="src\packets\data\TradeItem.cpp">
      <Filter>Source Files\packets\data</Filter>
    </ClCompile>
    <ClCompile Include="src\packets\data\WorldPosData.cpp">
      <Filter>Source Files\packets\data</Filter>
    </ClCompile>
    <ClCompile Include="src\packets\incoming\AccountList.cpp">
      <Filter>Source Files\packets\incoming</Filter>
    </ClCompile>
    <ClCompile Include="src\packets\incoming\AllyShoot.cpp">
      <Filter>Source Files\packets\incoming</Filter>
    </ClCompile>
    <ClCompile Include="src\packets\incoming\Aoe.cpp">
      <Filter>Source Files\packets\incoming</Filter>
    </ClCompile>
    <ClCompile Include="src\packets\incoming\BuyResult.cpp">
      <Filter>Source Files\packets\incoming</Filter>
    </ClCompile>
    <ClCompile Include="src\packets\incoming\ClientStat.cpp">
      <Filter>Source Files\packets\incoming</Filter>
    </ClCompile>
    <ClCompile Include="src\packets\incoming\CreateSuccess.cpp">
      <Filter>Source Files\packets\incoming</Filter>
    </ClCompile>
    <ClCompile Include="src\packets\incoming\Damage.cpp">
      <Filter>Source Files\packets\incoming</Filter>
    </ClCompile>
    <ClCompile Include="src\packets\incoming\Death.cpp">
      <Filter>Source Files\packets\incoming</Filter>
    </ClCompile>
    <ClCompile Include="src\packets\incoming\EnemyShoot.cpp">
      <Filter>Source Files\packets\incoming</Filter>
    </ClCompile>
    <ClCompile Include="src\packets\incoming\EvolvedPetMessage.cpp">
      <Filter>Source Files\packets\incoming</Filter>
    </ClCompile>
    <ClCompile Include="src\packets\incoming\Failure.cpp">
      <Filter>Source Files\packets\incoming</Filter>
    </ClCompile>
    <ClCompile Include="src\packets\incoming\FilePacket.cpp">
      <Filter>Source Files\packets\incoming</Filter>
    </ClCompile>
    <ClCompile Include="src\packets\incoming\GlobalNotification.cpp">
      <Filter>Source Files\packets\incoming</Filter>
    </ClCompile>
    <ClCompile Include="src\packets\incoming\Goto.cpp">
      <Filter>Source Files\packets\incoming</Filter>
    </ClCompile>
    <ClCompile Include="src\packets\incoming\GuildResult.cpp">
      <Filter>Source Files\packets\incoming</Filter>
    </ClCompile>
    <ClCompile Include="src\packets\incoming\InvitedToGuild.cpp">
      <Filter>Source Files\packets\incoming</Filter>
    </ClCompile>
    <ClCompile Include="src\packets\incoming\InvResult.cpp">
      <Filter>Source Files\packets\incoming</Filter>
    </ClCompile>
    <ClCompile Include="src\packets\incoming\KeyInfoResponse.cpp">
      <Filter>Source Files\packets\incoming</Filter>
    </ClCompile>
    <ClCompile Include="src\packets\incoming\MapInfo.cpp">
      <Filter>Source Files\packets\incoming</Filter>
    </ClCompile>
    <ClCompile Include="src\packets\incoming\NameResult.cpp">
      <Filter>Source Files\packets\incoming</Filter>
    </ClCompile>
    <ClCompile Include="src\packets\incoming\NewAbilityMessage.cpp">
      <Filter>Source Files\packets\incoming</Filter>
    </ClCompile>
    <ClCompile Include="src\packets\incoming\NewTick.cpp">
      <Filter>Source Files\packets\incoming</Filter>
    </ClCompile>
    <ClCompile Include="src\packets\incoming\Notification.cpp">
      <Filter>Source Files\packets\incoming</Filter>
    </ClCompile>
    <ClCompile Include="src\packets\incoming\PasswordPrompt.cpp">
      <Filter>Source Files\packets\incoming</Filter>
    </ClCompile>
    <ClCompile Include="src\packets\incoming\Ping.cpp">
      <Filter>Source Files\packets\incoming</Filter>
    </ClCompile>
    <ClCompile Include="src\packets\incoming\PlaySoundPacket.cpp">
      <Filter>Source Files\packets\incoming</Filter>
    </ClCompile>
    <ClCompile Include="src\packets\incoming\QuestFetchResponse.cpp">
      <Filter>Source Files\packets\incoming</Filter>
    </ClCompile>
    <ClCompile Include="src\packets\incoming\QuestObjId.cpp">
      <Filter>Source Files\packets\incoming</Filter>
    </ClCompile>
    <ClCompile Include="src\packets\incoming\QuestRedeemResponse.cpp">
      <Filter>Source Files\packets\incoming</Filter>
    </ClCompile>
    <ClCompile Include="src\packets\incoming\Reconnect.cpp">
      <Filter>Source Files\packets\incoming</Filter>
    </ClCompile>
    <ClCompile Include="src\packets\incoming\ReskinUnlock.cpp">
      <Filter>Source Files\packets\incoming</Filter>
    </ClCompile>
    <ClCompile Include="src\packets\incoming\ServerPlayerShoot.cpp">
      <Filter>Source Files\packets\incoming</Filter>
    </ClCompile>
    <ClCompile Include="src\packets\incoming\ShowEffect.cpp">
      <Filter>Source Files\packets\incoming</Filter>
    </ClCompile>
    <ClCompile Include="src\packets\incoming\Text.cpp">
      <Filter>Source Files\packets\incoming</Filter>
    </ClCompile>
    <ClCompile Include="src\packets\incoming\TradeAccepted.cpp">
      <Filter>Source Files\packets\incoming</Filter>
    </ClCompile>
    <ClCompile Include="src\packets\incoming\TradeChanged.cpp">
      <Filter>Source Files\packets\incoming</Filter>
    </ClCompile>
    <ClCompile Include="src\packets\incoming\TradeRequested.cpp">
      <Filter>Source Files\packets\incoming</Filter>
    </ClCompile>
    <ClCompile Include="src\packets\incoming\TradeStart.cpp">
      <Filter>Source Files\packets\incoming</Filter>
    </ClCompile>
    <ClCompile Include="src\packets\incoming\Update.cpp">
      <Filter>Source Files\packets\incoming</Filter>
    </ClCompile>
    <ClCompile Include="src\packets\incoming\VerifyEmail.cpp">
      <Filter>Source Files\packets\incoming</Filter>
    </ClCompile>
    <ClCompile Include="src\packets\outgoing\AoeAck.cpp">
      <Filter>Source Files\packets\outgoing</Filter>
    </ClCompile>
    <ClCompile Include="src\packets\outgoing\Create.cpp">
      <Filter>Source Files\packets\outgoing</Filter>
    </ClCompile>
    <ClCompile Include="src\packets\outgoing\Escape.cpp">
      <Filter>Source Files\packets\outgoing</Filter>
    </ClCompile>
    <ClCompile Include="src\packets\outgoing\GotoAck.cpp">
      <Filter>Source Files\packets\outgoing</Filter>
    </ClCompile>
    <ClCompile Include="src\packets\outgoing\Hello.cpp">
      <Filter>Source Files\packets\outgoing</Filter>
    </ClCompile>
    <ClCompile Include="src\packets\outgoing\InvSwap.cpp">
      <Filter>Source Files\packets\outgoing</Filter>
    </ClCompile>
    <ClCompile Include="src\packets\outgoing\Load.cpp">
      <Filter>Source Files\packets\outgoing</Filter>
    </ClCompile>
    <ClCompile Include="src\packets\outgoing\Move.cpp">
      <Filter>Source Files\packets\outgoing</Filter>
    </ClCompile>
    <ClCompile Include="src\packets\outgoing\PlayerShoot.cpp">
      <Filter>Source Files\packets\outgoing</Filter>
    </ClCompile>
    <ClCompile Include="src\packets\outgoing\PlayerText.cpp">
      <Filter>Source Files\packets\outgoing</Filter>
    </ClCompile>
    <ClCompile Include="src\packets\outgoing\Pong.cpp">
      <Filter>Source Files\packets\outgoing</Filter>
    </ClCompile>
    <ClCompile Include="src\packets\outgoing\ShootAck.cpp">
      <Filter>Source Files\packets\outgoing</Filter>
    </ClCompile>
    <ClCompile Include="src\packets\outgoing\Teleport.cpp">
      <Filter>Source Files\packets\outgoing</Filter>
    </ClCompile>
    <ClCompile Include="src\packets\outgoing\UpdateAck.cpp">
      <Filter>Source Files\packets\outgoing</Filter>
    </ClCompile>
    <ClCompile Include="src\packets\outgoing\UsePortal.cpp">
      <Filter>Source Files\packets\outgoing</Filter>
    </ClCompile>
    <ClCompile Include="src\packets\incoming\ArenaDeath.cpp">
      <Filter>Source Files\packets\incoming</Filter>
    </ClCompile>
    <ClCompile Include="src\packets\incoming\ImminentArenaWave.cpp">
      <Filter>Source Files\packets\incoming</Filter>
    </ClCompile>
    <ClCompile Include="src\packets\incoming\DeletePetMessage.cpp">
      <Filter>Source Files\packets\incoming</Filter>
    </ClCompile>
    <ClCompile Include="src\packets\incoming\HatchPetMessage.cpp">
      <Filter>Source Files\packets\incoming</Filter>
    </ClCompile>
    <ClCompile Include="src\packets\incoming\ActivePetUpdate.cpp">
      <Filter>Source Files\packets\incoming</Filter>
    </ClCompile>
    <ClCompile Include="src\packets\incoming\PetYardUpdate.cpp">
      <Filter>Source Files\packets\incoming</Filter>
    </ClCompile>
    <ClCompile Include="src\packets\incoming\TradeDone.cpp">
      <Filter>Source Files\packets\incoming</Filter>
    </ClCompile>
    <ClCompile Include="src\packets\incoming\PicPacket.cpp">
      <Filter>Source Files\packets\incoming</Filter>
    </ClCompile>
    <ClCompile Include="src\packets\outgoing\CancelTrade.cpp">
      <Filter>Source Files\packets\outgoing</Filter>
    </ClCompile>
    <ClCompile Include="src\packets\outgoing\ChangeGuildRank.cpp">
      <Filter>Source Files\packets\outgoing</Filter>
    </ClCompile>
    <ClCompile Include="src\packets\outgoing\CheckCredits.cpp">
      <Filter>Source Files\packets\outgoing</Filter>
    </ClCompile>
    <ClCompile Include="src\packets\outgoing\ChooseName.cpp">
      <Filter>Source Files\packets\outgoing</Filter>
    </ClCompile>
    <ClCompile Include="src\packets\outgoing\CreateGuild.cpp">
      <Filter>Source Files\packets\outgoing</Filter>
    </ClCompile>
    <ClCompile Include="src\packets\outgoing\EnterArena.cpp">
      <Filter>Source Files\packets\outgoing</Filter>
    </ClCompile>
    <ClCompile Include="src\packets\outgoing\GroundDamage.cpp">
      <Filter>Source Files\packets\outgoing</Filter>
    </ClCompile>
    <ClCompile Include="src\packets\outgoing\GuildInvite.cpp">
      <Filter>Source Files\packets\outgoing</Filter>
    </ClCompile>
    <ClCompile Include="src\packets\outgoing\KeyInfoRequest.cpp">
      <Filter>Source Files\packets\outgoing</Filter>
    </ClCompile>
    <ClCompile Include="src\packets\outgoing\JoinGuild.cpp">
      <Filter>Source Files\packets\outgoing</Filter>
    </ClCompile>
    <ClCompile Include="src\packets\outgoing\GuildRemove.cpp">
      <Filter>Source Files\packets\outgoing</Filter>
    </ClCompile>
    <ClCompile Include="src\packets\outgoing\RequestTrade.cpp">
      <Filter>Source Files\packets\outgoing</Filter>
    </ClCompile>
    <ClCompile Include="src\packets\outgoing\AcceptArenaDeath.cpp">
      <Filter>Source Files\packets\outgoing</Filter>
    </ClCompile>
    <ClCompile Include="src\packets\outgoing\QuestRedeem.cpp">
      <Filter>Source Files\packets\outgoing</Filter>
    </ClCompile>
    <ClCompile Include="src\packets\outgoing\AcceptTrade.cpp">
      <Filter>Source Files\packets\outgoing</Filter>
    </ClCompile>
    <ClCompile Include="src\packets\outgoing\ActivePetUpdateRequest.cpp">
      <Filter>Source Files\packets\outgoing</Filter>
    </ClCompile>
    <ClCompile Include="src\packets\outgoing\Buy.cpp">
      <Filter>Source Files\packets\outgoing</Filter>
    </ClCompile>
    <ClCompile Include="src\packets\outgoing\ChangeTrade.cpp">
      <Filter>Source Files\packets\outgoing</Filter>
    </ClCompile>
    <ClCompile Include="src\packets\outgoing\EditAccountList.cpp">
      <Filter>Source Files\packets\outgoing</Filter>
    </ClCompile>
    <ClCompile Include="src\packets\outgoing\EnemyHit.cpp">
      <Filter>Source Files\packets\outgoing</Filter>
    </ClCompile>
    <ClCompile Include="src\packets\outgoing\InvDrop.cpp">
      <Filter>Source Files\packets\outgoing</Filter>
    </ClCompile>
    <ClCompile Include="src\packets\outgoing\OtherHit.cpp">
      <Filter>Source Files\packets\outgoing</Filter>
    </ClCompile>
    <ClCompile Include="src\packets\outgoing\PlayerHit.cpp">
      <Filter>Source Files\packets\outgoing</Filter>
    </ClCompile>
    <ClCompile Include="src\packets\outgoing\Reskin.cpp">
      <Filter>Source Files\packets\outgoing</Filter>
    </ClCompile>
    <ClCompile Include="src\packets\outgoing\SetCondition.cpp">
      <Filter>Source Files\packets\outgoing</Filter>
    </ClCompile>
    <ClCompile Include="src\packets\outgoing\SquareHit.cpp">
      <Filter>Source Files\packets\outgoing</Filter>
    </ClCompile>
    <ClCompile Include="src\packets\outgoing\UseItem.cpp">
      <Filter>Source Files\packets\outgoing</Filter>
    </ClCompile>
    <ClCompile Include="src\packets\outgoing\PetUpgradeRequest.cpp">
      <Filter>Source Files\packets\outgoing</Filter>
    </ClCompile>
    <ClCompile Include="src\packets\outgoing\ReskinPet.cpp">
      <Filter>Source Files\packets\outgoing</Filter>
    </ClCompile>
    <ClCompile Include="src\packets\outgoing\QuestFetchAsk.cpp">
      <Filter>Source Files\packets\outgoing</Filter>
    </ClCompile>
    <ClCompile Include="src\objects\Object.cpp">
      <Filter>Source Files\objects</Filter>
    </ClCompile>
    <ClCompile Include="src\objects\ObjectLibrary.cpp">
      <Filter>Source Files\objects</Filter>
    </ClCompile>
    <ClCompile Include="src\packets\outgoing\GoToQuestRoom.cpp">
      <Filter>Source Files\packets\outgoing</Filter>
    </ClCompile>
    <ClCompile Include="src\packets\outgoing\ClaimDailyRewardMessage.cpp">
      <Filter>Source Files\packets\outgoing</Filter>
    </ClCompile>
    <ClCompile Include="src\packets\incoming\ClaimDailyRewardResponse.cpp">
      <Filter>Source Files\packets\incoming</Filter>
    </ClCompile>
    <ClCompile Include="src\utilities\ConnectionHelper.cpp">
      <Filter>Source Files\utilities</Filter>
    </ClCompile>
    <ClCompile Include="src\utilities\DebugHelper.cpp">
      <Filter>Source Files\utilities</Filter>
    </ClCompile>
    <ClCompile Include="src\utilities\EnumToString.cpp">
      <Filter>Source Files\utilities</Filter>
    </ClCompile>
    <ClCompile Include="src\utilities\CryptoHelper.cpp">
      <Filter>Source Files\utilities</Filter>
    </ClCompile>
    <ClCompile Include="src\packets\PacketIO.cpp">
      <Filter>Source Files\packets</Filter>
    </ClCompile>
  </ItemGroup>
</Project>